
Microsoft Visual Studio Solution File, Format Version 12.00
# Visual Studio Version 16
VisualStudioVersion = 16.0.31229.75
MinimumVisualStudioVersion = 10.0.40219.1
Project("{FAE04EC0-301F-11D3-BF4B-00C04F79EFBC}") = "ShikshaTrust1", "ShikshaTrust1\ShikshaTrust1.csproj", "{DF9EE507-3F33-4576-80DC-7634C5B13D70}"
EndProject
Global
	GlobalSection(SolutionConfigurationPlatforms) = preSolution
		Debug|Any CPU = Debug|Any CPU
		Release|Any CPU = Release|Any CPU
	EndGlobalSection
	GlobalSection(ProjectConfigurationPlatforms) = postSolution
		{DF9EE507-3F33-4576-80DC-7634C5B13D70}.Debug|Any CPU.ActiveCfg = Debug|Any CPU
		{DF9EE507-3F33-4576-80DC-7634C5B13D70}.Debug|Any CPU.Build.0 = Debug|Any CPU
		{DF9EE507-3F33-4576-80DC-7634C5B13D70}.Release|Any CPU.ActiveCfg = Release|Any CPU
		{DF9EE507-3F33-4576-80DC-7634C5B13D70}.Release|Any CPU.Build.0 = Release|Any CPU
	EndGlobalSection
	GlobalSection(SolutionProperties) = preSolution
		HideSolutionNode = FALSE
	EndGlobalSection
	GlobalSection(ExtensibilityGlobals) = postSolution
		SolutionGuid = {C15CF063-5D70-480F-A064-091CEA681115}
	EndGlobalSection
EndGlobal
